Microsoft Visual Studio Solution File, Format Version 12.00
# Visual Studio Version 17
VisualStudioVersion = 17.5.2.0
MinimumVisualStudioVersion = 10.0.40219.1
Project("{FAE04EC0-301F-11D3-BF4B-00C04F79EFBC}") = "GFIReport", "GFIReport.csproj", "{E44B97DD-0AE3-D5EF-F778-95445B703FB7}"
EndProject
Global
	GlobalSection(SolutionConfigurationPlatforms) = preSolution
		Debug|Any CPU = Debug|Any CPU
		Release|Any CPU = Release|Any CPU
	EndGlobalSection
	GlobalSection(ProjectConfigurationPlatforms) = postSolution
		{E44B97DD-0AE3-D5EF-F778-95445B703FB7}.Debug|Any CPU.ActiveCfg = Debug|Any CPU
		{E44B97DD-0AE3-D5EF-F778-95445B703FB7}.Debug|Any CPU.Build.0 = Debug|Any CPU
		{E44B97DD-0AE3-D5EF-F778-95445B703FB7}.Release|Any CPU.ActiveCfg = Release|Any CPU
		{E44B97DD-0AE3-D5EF-F778-95445B703FB7}.Release|Any CPU.Build.0 = Release|Any CPU
	EndGlobalSection
	GlobalSection(SolutionProperties) = preSolution
		HideSolutionNode = FALSE
	EndGlobalSection
	GlobalSection(ExtensibilityGlobals) = postSolution
		SolutionGuid = {B227C307-3CC5-4799-92B1-8A37E2366F56}
	EndGlobalSection
EndGlobal
